
Microsoft Visual Studio Solution File, Format Version 12.00
Project("{FAE04EC0-301F-11D3-BF4B-00C04F79EFBC}") = "Gudulion.BackEnd", "Gudulion.BackEnd\Gudulion.BackEnd.csproj", "{C2EF5C1B-1551-43F6-91FF-3A26E91DE093}"
EndProject
Global
	GlobalSection(SolutionConfigurationPlatforms) = preSolution
		Debug|Any CPU = Debug|Any CPU
		Release|Any CPU = Release|Any CPU
	EndGlobalSection
	GlobalSection(ProjectConfigurationPlatforms) = postSolution
		{C2EF5C1B-1551-43F6-91FF-3A26E91DE093}.Debug|Any CPU.ActiveCfg = Debug|Any CPU
		{C2EF5C1B-1551-43F6-91FF-3A26E91DE093}.Debug|Any CPU.Build.0 = Debug|Any CPU
		{C2EF5C1B-1551-43F6-91FF-3A26E91DE093}.Release|Any CPU.ActiveCfg = Release|Any CPU
		{C2EF5C1B-1551-43F6-91FF-3A26E91DE093}.Release|Any CPU.Build.0 = Release|Any CPU
	EndGlobalSection
EndGlobal
